
Microsoft Visual Studio Solution File, Format Version 12.00
# Visual Studio 15
VisualStudioVersion = 15.0.28307.779
MinimumVisualStudioVersion = 10.0.40219.1
Project("{FAE04EC0-301F-11D3-BF4B-00C04F79EFBC}") = "CompressText", "CompressText\CompressText.csproj", "{880FEE32-CD3D-4218-AA14-06FD86F452AA}"
EndProject
Global
	GlobalSection(SolutionConfigurationPlatforms) = preSolution
		Debug|Any CPU = Debug|Any CPU
		Release|Any CPU = Release|Any CPU
	EndGlobalSection
	GlobalSection(ProjectConfigurationPlatforms) = postSolution
		{880FEE32-CD3D-4218-AA14-06FD86F452AA}.Debug|Any CPU.ActiveCfg = Debug|Any CPU
		{880FEE32-CD3D-4218-AA14-06FD86F452AA}.Debug|Any CPU.Build.0 = Debug|Any CPU
		{880FEE32-CD3D-4218-AA14-06FD86F452AA}.Release|Any CPU.ActiveCfg = Release|Any CPU
		{880FEE32-CD3D-4218-AA14-06FD86F452AA}.Release|Any CPU.Build.0 = Release|Any CPU
	EndGlobalSection
	GlobalSection(SolutionProperties) = preSolution
		HideSolutionNode = FALSE
	EndGlobalSection
	GlobalSection(ExtensibilityGlobals) = postSolution
		SolutionGuid = {220633E6-CC60-4439-BFA6-7333376AEB33}
	EndGlobalSection
EndGlobal
